
Microsoft Visual Studio Solution File, Format Version 12.00
# Visual Studio 15
VisualStudioVersion = 15.0.28307.902
MinimumVisualStudioVersion = 10.0.40219.1
Project("{FAE04EC0-301F-11D3-BF4B-00C04F79EFBC}") = "TestAsyncAwait", "TestAsyncAwait\TestAsyncAwait.csproj", "{58A9E289-D0B2-4348-80CF-2B68A228969E}"
EndProject
Global
	GlobalSection(SolutionConfigurationPlatforms) = preSolution
		Debug|Any CPU = Debug|Any CPU
		Release|Any CPU = Release|Any CPU
	EndGlobalSection
	GlobalSection(ProjectConfigurationPlatforms) = postSolution
		{58A9E289-D0B2-4348-80CF-2B68A228969E}.Debug|Any CPU.ActiveCfg = Debug|Any CPU
		{58A9E289-D0B2-4348-80CF-2B68A228969E}.Debug|Any CPU.Build.0 = Debug|Any CPU
		{58A9E289-D0B2-4348-80CF-2B68A228969E}.Release|Any CPU.ActiveCfg = Release|Any CPU
		{58A9E289-D0B2-4348-80CF-2B68A228969E}.Release|Any CPU.Build.0 = Release|Any CPU
	EndGlobalSection
	GlobalSection(SolutionProperties) = preSolution
		HideSolutionNode = FALSE
	EndGlobalSection
	GlobalSection(ExtensibilityGlobals) = postSolution
		SolutionGuid = {78FF7721-264F-4269-B831-6A2564F540F0}
	EndGlobalSection
EndGlobal
